PODS:
  - Nomosi (0.0.1):
    - Nomosi/All (= 0.0.1)
  - Nomosi/All (0.0.1):
    - Nomosi/Core
    - Nomosi/UI
  - Nomosi/Core (0.0.1)
  - Nomosi/UI (0.0.1):
    - Nomosi/Core
  - SwiftLint (0.25.1)

DEPENDENCIES:
  - Nomosi (from `../`)
  - SwiftLint

SPEC REPOS:
  https://github.com/cocoapods/specs.git:
    - SwiftLint

EXTERNAL SOURCES:
  Nomosi:
    :path: "../"

SPEC CHECKSUMS:
  Nomosi: 051518a50dcd0d576f129ad559ec50601b2cb3fb
  SwiftLint: ce933681be10c3266e82576dad676fa815a602e9

PODFILE CHECKSUM: ccc0ce697d95d3b5144a61441b59e9452056dfb1

COCOAPODS: 1.5.3
